# This file is automatically @generated by Poetry 2.3.2 and should not be changed by hand.

[[package]]
name = "awscrt"
version = "0.32.0"
description = "A common runtime for AWS Python projects"
optional = false
python-versions = ">=3.8"
groups = ["main"]
files = [
    {file = "awscrt-0.32.0-cp310-cp310-macosx_10_15_universal2.whl", hash = "sha256:211cee3a5335bbc96405afdbdebf9c17bf16f3a299e9d8b661d5c904634ade43"},
    {file = "awscrt-0.32.0-cp310-cp310-manylinux2014_aarch64.manylinux_2_17_aarch64.whl", hash = "sha256:693f40a004270dfc7e0f92f7d36ef5fb8e40de686fa87a0603ade74a479bbf40"},
    {file = "awscrt-0.32.0-cp310-cp310-manylinux2014_x86_64.manylinux_2_17_x86_64.whl", hash = "sha256:3b3014bd320ce95a3698f8b00312a06accc6222505ace4e6cbb524aa10ab8654"},
    {file = "awscrt-0.32.0-cp310-cp310-musllinux_1_1_aarch64.whl", hash = "sha256:43ea8a3bb994259b1c2cb6fc400374cc6c84a2b235eada3370d5f012420427dd"},
    {file = "awscrt-0.32.0-cp310-cp310-musllinux_1_1_x86_64.whl", hash = "sha256:7cec6175c9616840a599050a0e6157846b509e7b3a7f2ab9f8e9a64bcb342e68"},
    {file = "awscrt-0.32.0-cp310-cp310-win32.whl", hash = "sha256:0a585e9089140f55a8452c2f1aefe17712d39eff5413c1c0c7aa393e749fd5b7"},
    {file = "awscrt-0.32.0-cp310-cp310-win_amd64.whl", hash = "sha256:d4423dbdb75ed37bbd9697a672bfd75a02a7354ac9b818fa2d38059726171928"},
    {file = "awscrt-0.32.0-cp311-abi3-macosx_10_15_universal2.whl", hash = "sha256:4ca7040b279cf6014c06de93be7a29a164c9c92469eb79c70143853873e81949"},
    {file = "awscrt-0.32.0-cp311-abi3-manylinux2014_aarch64.manylinux_2_17_aarch64.whl", hash = "sha256:15a96559710e559bc4131b7af55b93c0c79505d4b9c4c4511b3b825bbb4f82a9"},
    {file = "awscrt-0.32.0-cp311-abi3-manylinux2014_x86_64.manylinux_2_17_x86_64.whl", hash = "sha256:11a8cf1902c35ad784ceedbe2d5b44956a34bb2b7c3c818511ce93bdb21bc386"},
    {file = "awscrt-0.32.0-cp311-abi3-musllinux_1_1_aarch64.whl", hash = "sha256:f1eea556144c2999e105966bbe97a0460d10d656e331bc2c875f15ece3315c3b"},
    {file = "awscrt-0.32.0-cp311-abi3-musllinux_1_1_x86_64.whl", hash = "sha256:d7ef6f0e728c1b7a0a4b771d4c677a00bc1bf377b8b2dd59a1dd626b920efc3b"},
    {file = "awscrt-0.32.0-cp311-abi3-win32.whl", hash = "sha256:8cee2fea902452a36f67f9d79e6eb406d4359854dad6df439b3c671f07059763"},
    {file = "awscrt-0.32.0-cp311-abi3-win_amd64.whl", hash = "sha256:8213ee3b3c1adb5364a48a87420cde4426688f0438a88f6381595586be7ffc17"},
    {file = "awscrt-0.32.0-cp313-abi3-macosx_10_15_universal2.whl", hash = "sha256:d1efd89302eeee14878ca2067de6525c85d4973cd4473bc537e8807ecca660d3"},
    {file = "awscrt-0.32.0-cp313-abi3-manylinux2014_aarch64.manylinux_2_17_aarch64.whl", hash = "sha256:18e36af2cfec50b0a2d270921217245c36f6722b9aae756394ca050dee535883"},
    {file = "awscrt-0.32.0-cp313-abi3-manylinux2014_x86_64.manylinux_2_17_x86_64.whl", hash = "sha256:a94d7c85486908adf07693519b3a8ec7c61b86cc0901fed266ff2239babef6ce"},
    {file = "awscrt-0.32.0-cp313-abi3-musllinux_1_1_aarch64.whl", hash = "sha256:68e36b744ed8089be80a2f7c8ed9bd46573f00870d1429707c1c847f3dc99a6f"},
    {file = "awscrt-0.32.0-cp313-abi3-musllinux_1_1_x86_64.whl", hash = "sha256:b1a9f3952f382feee264614e727d78e7fa12bad138a025e832affc84780fdc89"},
    {file = "awscrt-0.32.0-cp313-abi3-win32.whl", hash = "sha256:56c418ac23102e34ad95ea68ad5527ce534b7c79bb3ec3b908b647d90ee3ce41"},
    {file = "awscrt-0.32.0-cp313-abi3-win_amd64.whl", hash = "sha256:7a3a464b0c23d1c2cca23b210035da203b1ead7cafcda2cebb87af3de20cc2b2"},
    {file = "awscrt-0.32.0-cp313-cp313t-macosx_10_15_universal2.whl", hash = "sha256:f61cc36f645444d4e27cdf2c8fc5d3fdca77de35f341ad0e6c65f6c097ef5afd"},
    {file = "awscrt-0.32.0-cp313-cp313t-manylinux2014_aarch64.manylinux_2_17_aarch64.whl", hash = "sha256:c51510e2171a3cab33612b98333a4baca391ed76a1185e9f6ec5433196e646af"},
    {file = "awscrt-0.32.0-cp313-cp313t-manylinux2014_x86_64.manylinux_2_17_x86_64.whl", hash = "sha256:f22723fc84ec31ed13591105083bea57fcbb7a9b20600dcfda8b5c28fa8047f8"},
    {file = "awscrt-0.32.0-cp313-cp313t-musllinux_1_1_aarch64.whl", hash = "sha256:4bc6492b7622cbad46d65492fb12239d946e890797c5da6c30a878a04c694623"},
    {file = "awscrt-0.32.0-cp313-cp313t-musllinux_1_1_x86_64.whl", hash = "sha256:dd6df896ae0650977de05c8e83fc5f3f7472b4d8de7744560526c13a63da8fd0"},
    {file = "awscrt-0.32.0-cp313-cp313t-win32.whl", hash = "sha256:5fb05ab256b90c2d39386702d20419159b605a1f0e95d0fade715ccc9a76856a"},
    {file = "awscrt-0.32.0-cp313-cp313t-win_amd64.whl", hash = "sha256:c1c69543cdeab10f7fcbd3f238996ee1ed73fb8f88dd9701fffc872d73bd256d"},
    {file = "awscrt-0.32.0-cp314-cp314t-macosx_10_15_universal2.whl", hash = "sha256:f82a7969c025875fa419fc6349c8013bc88359ce264cb6c2399d03f42fbae0e3"},
    {file = "awscrt-0.32.0-cp314-cp314t-manylinux2014_aarch64.manylinux_2_17_aarch64.whl", hash = "sha256:877e6061448abc91b1926f3f8c73808ce2a170a404065ba185a407fbfd2eb8e7"},
    {file = "awscrt-0.32.0-cp314-cp314t-manylinux2014_x86_64.manylinux_2_17_x86_64.whl", hash = "sha256:b83427cf90f1606a34dbbe29b1544f945899b3abdb8608a57f004c6f459fd1fd"},
    {file = "awscrt-0.32.0-cp314-cp314t-win32.whl", hash = "sha256:de44db7677361a05a1cdce9a1c29b6628542094599cb33105b99b97b4b9580ea"},
    {file = "awscrt-0.32.0-cp314-cp314t-win_amd64.whl", hash = "sha256:7b9eb088e4e17539d3c5ec8f40f04363fabb807f9d509653d2443056d22b3506"},
    {file = "awscrt-0.32.0-cp38-cp38-macosx_10_15_x86_64.whl", hash = "sha256:4f47a4ee9dd8e17cd1b857145f5158b551770104bafa4dc36523750f37a39cf6"},
    {file = "awscrt-0.32.0-cp38-cp38-manylinux2014_aarch64.manylinux_2_17_aarch64.whl", hash = "sha256:b37403f2cc470df93712e18778fa9cf46647b1dc8b844c0cd10c6b3521dea11b"},
    {file = "awscrt-0.32.0-cp38-cp38-manylinux2014_x86_64.manylinux_2_17_x86_64.whl", hash = "sha256:a6424f4c135ef45bc9449eb3b33a1803bbc4eaf4af5b6729bc1dd63f366c8585"},
    {file = "awscrt-0.32.0-cp38-cp38-manylinux_2_5_i686.manylinux1_i686.whl", hash = "sha256:effce51b78d83c49d872df3855bd96b9d6ab23490f4cf04c391b855e92be5b2a"},
    {file = "awscrt-0.32.0-cp38-cp38-manylinux_2_5_x86_64.manylinux1_x86_64.whl", hash = "sha256:c9c9b0973c168de301e70fec7b12b4dee368ffc5e452153546f82c3c367f6c9c"},
    {file = "awscrt-0.32.0-cp38-cp38-musllinux_1_1_aarch64.whl", hash = "sha256:1d51a10dcb7de140db1a32a0369f2d7b96435875fcb7f7b4971f2a8516a73a52"},
    {file = "awscrt-0.32.0-cp38-cp38-musllinux_1_1_x86_64.whl", hash = "sha256:6b6d1b0ad1978ce8c1bc426c1968ea40cf9b35ceae1a78a07b40b403f38c9dd5"},
    {file = "awscrt-0.32.0-cp38-cp38-win32.whl", hash = "sha256:55fd837f1e908df710f4a66b6eb00f7430971d35af3cf354d855213da23c3d4a"},
    {file = "awscrt-0.32.0-cp38-cp38-win_amd64.whl", hash = "sha256:1bd656bfd31e60ce29a1e812c64b3866f10834792d6ea6fbfb622b3a36d2368b"},
    {file = "awscrt-0.32.0-cp39-cp39-macosx_10_15_universal2.whl", hash = "sha256:4206e38a1fb6a858b378eaabe156c3f562f43519087329b9633e18a493174058"},
    {file = "awscrt-0.32.0-cp39-cp39-manylinux2014_aarch64.manylinux_2_17_aarch64.whl", hash = "sha256:274864b2cc290162b10258907e58f745651aa0155d0b8949b2a6bedd24a3cc83"},
    {file = "awscrt-0.32.0-cp39-cp39-manylinux2014_x86_64.manylinux_2_17_x86_64.whl", hash = "sha256:bb450b7ee0ecd4a4632498e6df78eb3d2ed1fd27fa71347d4272c0d5ac9114a9"},
    {file = "awscrt-0.32.0-cp39-cp39-manylinux_2_5_i686.manylinux1_i686.whl", hash = "sha256:4bcd4be2ee4a9218b6c458a3a5486056d8937e2fd12cd006879c42930aba5e1d"},
    {file = "awscrt-0.32.0-cp39-cp39-manylinux_2_5_x86_64.manylinux1_x86_64.whl", hash = "sha256:308562b0adbb7b8dc4669543615294399865f2b869f2e647d1acfa789f811f3f"},
    {file = "awscrt-0.32.0-cp39-cp39-musllinux_1_1_aarch64.whl", hash = "sha256:4d5028241cae3433e15710bdcd8c1079247babd3b0b638b2687ec47c26a57c5e"},
    {file = "awscrt-0.32.0-cp39-cp39-musllinux_1_1_x86_64.whl", hash = "sha256:4e9d2ec925c82a12ce8f3a8c9c39a745183851ee29ad8ad31ffa826c520df278"},
    {file = "awscrt-0.32.0-cp39-cp39-win32.whl", hash = "sha256:e0c7ffaa73ef607841b24fb3d3787128c639d8e3a2c3007ace5163cb293442a5"},
    {file = "awscrt-0.32.0-cp39-cp39-win_amd64.whl", hash = "sha256:8dfa4efe52eb988642505d92037b1e7abbf4492eb6fbc319289d1fe7e7976236"},
    {file = "awscrt-0.32.0.tar.gz", hash = "sha256:92e749fce6c61da8db1af0baa6b7e96f7acf8a5574760b3d7880d190cedee8a0"},
]

[package.extras]
dev = ["autopep8 (>=2.3.1)", "build (>=1.2.2)", "h2 (==4.1.0)", "sphinx (>=7.2.6,<7.3) ; python_version >= \"3.9\"", "websockets (>=13.1)"]

[[package]]
name = "awsiot"
version = "0.1.3"
description = "Command Line utility to easily provision IoT things in AWS"
optional = false
python-versions = "*"
groups = ["main"]
files = [
    {file = "awsiot-0.1.3-py3-none-any.whl", hash = "sha256:ffa52ffce81c481bb94edcbe93fe675cf8dc72120d84b0922412da6d457771ec"},
]

[package.dependencies]
boto3 = "*"
botocore = "*"
click = "*"

[[package]]
name = "boto3"
version = "1.42.85"
description = "The AWS SDK for Python"
optional = false
python-versions = ">=3.9"
groups = ["main"]
files = [
    {file = "boto3-1.42.85-py3-none-any.whl", hash = "sha256:4f6ac066e41d18ec33f532253fac0f35e0fdca373724458f983ce3d531340b7a"},
    {file = "boto3-1.42.85.tar.gz", hash = "sha256:1cd3dcbfaba85c6071ba9397c1804b6a94a1a97031b8f1993fdba27c0c5d6eba"},
]

[package.dependencies]
botocore = ">=1.42.85,<1.43.0"
jmespath = ">=0.7.1,<2.0.0"
s3transfer = ">=0.16.0,<0.17.0"

[package.extras]
crt = ["botocore[crt] (>=1.21.0,<2.0a0)"]

[[package]]
name = "botocore"
version = "1.42.85"
description = "Low-level, data-driven core of boto 3."
optional = false
python-versions = ">=3.9"
groups = ["main"]
files = [
    {file = "botocore-1.42.85-py3-none-any.whl", hash = "sha256:828b67722caeb7e240eefedee74050e803d1fa102958ead9c4009101eefd5381"},
    {file = "botocore-1.42.85.tar.gz", hash = "sha256:2ee61f80b7724a143e16d0a85408ef5fa20b99dce7a3c8ec5d25cc8dced164c1"},
]

[package.dependencies]
jmespath = ">=0.7.1,<2.0.0"
python-dateutil = ">=2.1,<3.0.0"
urllib3 = {version = ">=1.25.4,<2.2.0 || >2.2.0,<3", markers = "python_version >= \"3.10\""}

[package.extras]
crt = ["awscrt (==0.31.2)"]

[[package]]
name = "click"
version = "8.3.2"
description = "Composable command line interface toolkit"
optional = false
python-versions = ">=3.10"
groups = ["main"]
files = [
    {file = "click-8.3.2-py3-none-any.whl", hash = "sha256:1924d2c27c5653561cd2cae4548d1406039cb79b858b747cfea24924bbc1616d"},
    {file = "click-8.3.2.tar.gz", hash = "sha256:14162b8b3b3550a7d479eafa77dfd3c38d9dc8951f6f69c78913a8f9a7540fd5"},
]

[package.dependencies]
colorama = {version = "*", markers = "platform_system == \"Windows\""}

[[package]]
name = "colorama"
version = "0.4.6"
description = "Cross-platform colored terminal text."
optional = false
python-versions = "!=3.0.*,!=3.1.*,!=3.2.*,!=3.3.*,!=3.4.*,!=3.5.*,!=3.6.*,>=2.7"
groups = ["main"]
markers = "platform_system == \"Windows\""
files = [
    {file = "colorama-0.4.6-py2.py3-none-any.whl", hash = "sha256:4f1d9991f5acc0ca119f9d443620b77f9d6b33703e51011c16baf57afb285fc6"},
    {file = "colorama-0.4.6.tar.gz", hash = "sha256:08695f5cb7ed6e0531a20572697297273c47b8cae5a63ffc6d6ed5c201be6e44"},
]

[[package]]
name = "jmespath"
version = "1.1.0"
description = "JSON Matching Expressions"
optional = false
python-versions = ">=3.9"
groups = ["main"]
files = [
    {file = "jmespath-1.1.0-py3-none-any.whl", hash = "sha256:a5663118de4908c91729bea0acadca56526eb2698e83de10cd116ae0f4e97c64"},
    {file = "jmespath-1.1.0.tar.gz", hash = "sha256:472c87d80f36026ae83c6ddd0f1d05d4e510134ed462851fd5f754c8c3cbb88d"},
]

[[package]]
name = "python-dateutil"
version = "2.9.0.post0"
description = "Extensions to the standard Python datetime module"
optional = false
python-versions = "!=3.0.*,!=3.1.*,!=3.2.*,>=2.7"
groups = ["main"]
files = [
    {file = "python-dateutil-2.9.0.post0.tar.gz", hash = "sha256:37dd54208da7e1cd875388217d5e00ebd4179249f90fb72437e91a35459a0ad3"},
    {file = "python_dateutil-2.9.0.post0-py2.py3-none-any.whl", hash = "sha256:a8b2bc7bffae282281c8140a97d3aa9c14da0b136dfe83f850eea9a5f7470427"},
]

[package.dependencies]
six = ">=1.5"

[[package]]
name = "s3transfer"
version = "0.16.0"
description = "An Amazon S3 Transfer Manager"
optional = false
python-versions = ">=3.9"
groups = ["main"]
files = [
    {file = "s3transfer-0.16.0-py3-none-any.whl", hash = "sha256:18e25d66fed509e3868dc1572b3f427ff947dd2c56f844a5bf09481ad3f3b2fe"},
    {file = "s3transfer-0.16.0.tar.gz", hash = "sha256:8e990f13268025792229cd52fa10cb7163744bf56e719e0b9cb925ab79abf920"},
]

[package.dependencies]
botocore = ">=1.37.4,<2.0a0"

[package.extras]
crt = ["botocore[crt] (>=1.37.4,<2.0a0)"]

[[package]]
name = "six"
version = "1.17.0"
description = "Python 2 and 3 compatibility utilities"
optional = false
python-versions = "!=3.0.*,!=3.1.*,!=3.2.*,>=2.7"
groups = ["main"]
files = [
    {file = "six-1.17.0-py2.py3-none-any.whl", hash = "sha256:4721f391ed90541fddacab5acf947aa0d3dc7d27b2e1e8eda2be8970586c3274"},
    {file = "six-1.17.0.tar.gz", hash = "sha256:ff70335d468e7eb6ec65b95b99d3a2836546063f63acc5171de367e834932a81"},
]

[[package]]
name = "urllib3"
version = "2.6.3"
description = "HTTP library with thread-safe connection pooling, file post, and more."
optional = false
python-versions = ">=3.9"
groups = ["main"]
files = [
    {file = "urllib3-2.6.3-py3-none-any.whl", hash = "sha256:bf272323e553dfb2e87d9bfd225ca7b0f467b919d7bbd355436d3fd37cb0acd4"},
    {file = "urllib3-2.6.3.tar.gz", hash = "sha256:1b62b6884944a57dbe321509ab94fd4d3b307075e0c2eae991ac71ee15ad38ed"},
]

[package.extras]
brotli = ["brotli (>=1.2.0) ; platform_python_implementation == \"CPython\"", "brotlicffi (>=1.2.0.0) ; platform_python_implementation != \"CPython\""]
h2 = ["h2 (>=4,<5)"]
socks = ["pysocks (>=1.5.6,!=1.5.7,<2.0)"]
zstd = ["backports-zstd (>=1.0.0) ; python_version < \"3.14\""]

[metadata]
lock-version = "2.1"
python-versions = ">=3.12"
content-hash = "a6cfed10e970492067ece2a8c551fe0e6a4ad77aa13a9f9c1857f74c399eb13a"
