# This file is automatically @generated by Poetry 2.3.2 and should not be changed by hand.

[[package]]
name = "awscrt"
version = "0.31.3"
description = "A common runtime for AWS Python projects"
optional = false
python-versions = ">=3.8"
groups = ["main"]
files = [
    {file = "awscrt-0.31.3-cp310-cp310-macosx_10_15_universal2.whl", hash = "sha256:915f4f1b053e61cb053726be42e3a4c90c2136de266d94e7fe52f567fdb8eed4"},
    {file = "awscrt-0.31.3-cp310-cp310-manylinux2014_aarch64.manylinux_2_17_aarch64.whl", hash = "sha256:3dee2eacc7a5750d4deef9a90e55eec7ff464332684ef8411989c442cb3c9f05"},
    {file = "awscrt-0.31.3-cp310-cp310-manylinux2014_x86_64.manylinux_2_17_x86_64.whl", hash = "sha256:ac7526b900179e5b7ad21910066e4ef08029fd2e6556a06ce62da90ca477be21"},
    {file = "awscrt-0.31.3-cp310-cp310-musllinux_1_1_aarch64.whl", hash = "sha256:1158f819a2319578679a3f2dc87a719be3ce53f8f69eb4b9c7e581eecef415b1"},
    {file = "awscrt-0.31.3-cp310-cp310-musllinux_1_1_x86_64.whl", hash = "sha256:1db1b97edd66a1cc83afaff72eda6e8f7a9e2d326bfb506c7e9270ede184bcd0"},
    {file = "awscrt-0.31.3-cp310-cp310-win32.whl", hash = "sha256:f74f8605ebbb5b037c74411b92e9d8b57f209772227f04fd555cb152011f8f31"},
    {file = "awscrt-0.31.3-cp310-cp310-win_amd64.whl", hash = "sha256:bc75688fc52f0f185c67f52f55991aa4bf3e00e48ab98e61e3abca0c11a43fa6"},
    {file = "awscrt-0.31.3-cp311-abi3-macosx_10_15_universal2.whl", hash = "sha256:e6d5e8194b59056399c8ab4950c9828b292a9388f67994e4332bca1351d4f7bf"},
    {file = "awscrt-0.31.3-cp311-abi3-manylinux2014_aarch64.manylinux_2_17_aarch64.whl", hash = "sha256:f1ca6752bf3e4069fd425a8914da7b892f38c9104afe67616bcb6799aa5fe997"},
    {file = "awscrt-0.31.3-cp311-abi3-manylinux2014_x86_64.manylinux_2_17_x86_64.whl", hash = "sha256:5715a2be6459a2b170d6a615ab2ec652e1ab328b5aacc0d82d96f2aab314effb"},
    {file = "awscrt-0.31.3-cp311-abi3-musllinux_1_1_aarch64.whl", hash = "sha256:6ebf398ba89b1dd221366468d28278f8c9b591842824e3550f74a9b4ef66ff38"},
    {file = "awscrt-0.31.3-cp311-abi3-musllinux_1_1_x86_64.whl", hash = "sha256:068ffaed4d9bec233dc95cda461e0360b16a6d0728060f42be9738c4cfef4ca5"},
    {file = "awscrt-0.31.3-cp311-abi3-win32.whl", hash = "sha256:7b3a5a27a81e73f77daff82a6318821af14656e4e58c4eded60ef39fabdba578"},
    {file = "awscrt-0.31.3-cp311-abi3-win_amd64.whl", hash = "sha256:68154ba9b6017efcdd1f4f536547e9c172010168a84b5711b40f7a6d6ed1f673"},
    {file = "awscrt-0.31.3-cp313-abi3-macosx_10_15_universal2.whl", hash = "sha256:d44f2d7369066598514129e31436f6c2f29b22e2053e74a4610c3ba2ca9b116d"},
    {file = "awscrt-0.31.3-cp313-abi3-manylinux2014_aarch64.manylinux_2_17_aarch64.whl", hash = "sha256:28162778ca16c9f724a6bd5d630158addbda12fa1f68ddc9738e43a9c11953f2"},
    {file = "awscrt-0.31.3-cp313-abi3-manylinux2014_x86_64.manylinux_2_17_x86_64.whl", hash = "sha256:ba2ae15b9e5f57e5bf015be20f319549a2c29a759e3e215e26605fddec8c39a2"},
    {file = "awscrt-0.31.3-cp313-abi3-musllinux_1_1_aarch64.whl", hash = "sha256:54542fa12d23dfa7cda6926a263312c0ed09dd3b40d6810120682896a92be41a"},
    {file = "awscrt-0.31.3-cp313-abi3-musllinux_1_1_x86_64.whl", hash = "sha256:0338610ad0947fad13ccefcce3381bc5277911907f2f3d39d0a5a2700de498e7"},
    {file = "awscrt-0.31.3-cp313-abi3-win32.whl", hash = "sha256:2ac703f6625b7e92bae55a85b36b14bf880900e7a12da795381a361450679d6d"},
    {file = "awscrt-0.31.3-cp313-abi3-win_amd64.whl", hash = "sha256:25e42d5058363a9a5f3906de30b5f225d774d82731b3d1c74c653708a106347d"},
    {file = "awscrt-0.31.3-cp38-cp38-macosx_10_15_x86_64.whl", hash = "sha256:5f4cf265f15e0352c1985019225825444a95610c4fcaea40f0f108c9f939c8b6"},
    {file = "awscrt-0.31.3-cp38-cp38-manylinux2014_aarch64.manylinux_2_17_aarch64.whl", hash = "sha256:7a51d630fa1375247814199fd1d400058185dcd9ffca7809f6b809aaf412796e"},
    {file = "awscrt-0.31.3-cp38-cp38-manylinux2014_x86_64.manylinux_2_17_x86_64.whl", hash = "sha256:1ae9308c9c307291187cdb509144a35278923d2322ceed04059876114fada815"},
    {file = "awscrt-0.31.3-cp38-cp38-manylinux_2_5_i686.manylinux1_i686.whl", hash = "sha256:7f7220afb3778cef5f4211f18747f803370933924249ddac5ba8f70930ea45f0"},
    {file = "awscrt-0.31.3-cp38-cp38-manylinux_2_5_x86_64.manylinux1_x86_64.whl", hash = "sha256:fb541a7987302c8b6ff32b4837f1d5735d5043871dcc3b39ffe6f643a876a437"},
    {file = "awscrt-0.31.3-cp38-cp38-musllinux_1_1_aarch64.whl", hash = "sha256:f9751d0262e27a573a7a204c3b7b1c8c2ef477882f12b95d3b47fa5252d9eb9a"},
    {file = "awscrt-0.31.3-cp38-cp38-musllinux_1_1_x86_64.whl", hash = "sha256:c2200f492db02c1bc7239c22458722606a017506edc465daf98cc8a67b9e36cb"},
    {file = "awscrt-0.31.3-cp38-cp38-win32.whl", hash = "sha256:7fcc8f8df6d902d6f9ada4c372ae291f21a6771b4f36ffa39266339ddcc8a531"},
    {file = "awscrt-0.31.3-cp38-cp38-win_amd64.whl", hash = "sha256:2fbc078b574f54a3f5a471c9d3e04ad1ca3f1ae9c4d74353fd6ba256af234bb3"},
    {file = "awscrt-0.31.3-cp39-cp39-macosx_10_15_universal2.whl", hash = "sha256:c819f864c8c0cad8c5594bcc94af351c550e237d97b93e99202adcb95c3243c2"},
    {file = "awscrt-0.31.3-cp39-cp39-manylinux2014_aarch64.manylinux_2_17_aarch64.whl", hash = "sha256:5e400f16fdc6a160157c25ba165e359ea0148d319e99ec724e2f0957d214cc6a"},
    {file = "awscrt-0.31.3-cp39-cp39-manylinux2014_x86_64.manylinux_2_17_x86_64.whl", hash = "sha256:768922c719039635abd58d53b19e83e34a706ccbf74eb0b9ccba652dba23d645"},
    {file = "awscrt-0.31.3-cp39-cp39-manylinux_2_5_i686.manylinux1_i686.whl", hash = "sha256:27a901a6c9077bd3f63ef413267b29a4f437df36228027524aa3995a8288cb11"},
    {file = "awscrt-0.31.3-cp39-cp39-manylinux_2_5_x86_64.manylinux1_x86_64.whl", hash = "sha256:0546590d0a170bc278e48dda3c02ffff84dfc462016dbf94b693432877b612af"},
    {file = "awscrt-0.31.3-cp39-cp39-musllinux_1_1_aarch64.whl", hash = "sha256:227a04d9ffd899e7c4eb6e11b754abcf505539d0ed192eaf8a10ded1c0642bc8"},
    {file = "awscrt-0.31.3-cp39-cp39-musllinux_1_1_x86_64.whl", hash = "sha256:8f2c9ce12de40e27e1c57e254f3160280a264b1b6ec70bfee529816d8e26d3a4"},
    {file = "awscrt-0.31.3-cp39-cp39-win32.whl", hash = "sha256:5028e72a9f55b1e297ea43a417480ee8e42ed7bef3fd614278240ab12cbf82a7"},
    {file = "awscrt-0.31.3-cp39-cp39-win_amd64.whl", hash = "sha256:0bcee8b172fb356aa0886bd4f2791a67b57724f9297b41bda15705419fe817cd"},
    {file = "awscrt-0.31.3.tar.gz", hash = "sha256:16cc0380eef073a2e37eff01a98f3f2108ead6dbb4a919d40f656db0d8ad4b71"},
]

[package.extras]
dev = ["autopep8 (>=2.3.1)", "build (>=1.2.2)", "h2 (==4.1.0)", "sphinx (>=7.2.6,<7.3) ; python_version >= \"3.9\"", "websockets (>=13.1)"]

[[package]]
name = "awsiotsdk"
version = "1.28.2"
description = "AWS IoT SDK based on the AWS Common Runtime"
optional = false
python-versions = ">=3.8"
groups = ["main"]
files = [
    {file = "awsiotsdk-1.28.2-py3-none-any.whl", hash = "sha256:2b24a357323e3c7bfa3ab163bd18de2d27f700aeff926729e9badc2cbdb8c7d3"},
    {file = "awsiotsdk-1.28.2.tar.gz", hash = "sha256:150cbc37be9c02d547b8b1dda57016120ac3d2bed45dcebc3f46cd4fcbaa553e"},
]

[package.dependencies]
awscrt = "0.31.3"

[[package]]
name = "click"
version = "8.3.1"
description = "Composable command line interface toolkit"
optional = false
python-versions = ">=3.10"
groups = ["main"]
files = [
    {file = "click-8.3.1-py3-none-any.whl", hash = "sha256:981153a64e25f12d547d3426c367a4857371575ee7ad18df2a6183ab0545b2a6"},
    {file = "click-8.3.1.tar.gz", hash = "sha256:12ff4785d337a1bb490bb7e9c2b1ee5da3112e94a8622f26a6c77f5d2fc6842a"},
]

[package.dependencies]
colorama = {version = "*", markers = "platform_system == \"Windows\""}

[[package]]
name = "colorama"
version = "0.4.6"
description = "Cross-platform colored terminal text."
optional = false
python-versions = "!=3.0.*,!=3.1.*,!=3.2.*,!=3.3.*,!=3.4.*,!=3.5.*,!=3.6.*,>=2.7"
groups = ["main"]
markers = "platform_system == \"Windows\""
files = [
    {file = "colorama-0.4.6-py2.py3-none-any.whl", hash = "sha256:4f1d9991f5acc0ca119f9d443620b77f9d6b33703e51011c16baf57afb285fc6"},
    {file = "colorama-0.4.6.tar.gz", hash = "sha256:08695f5cb7ed6e0531a20572697297273c47b8cae5a63ffc6d6ed5c201be6e44"},
]

[[package]]
name = "h11"
version = "0.16.0"
description = "A pure-Python, bring-your-own-I/O implementation of HTTP/1.1"
optional = false
python-versions = ">=3.8"
groups = ["main"]
files = [
    {file = "h11-0.16.0-py3-none-any.whl", hash = "sha256:63cf8bbe7522de3bf65932fda1d9c2772064ffb3dae62d55932da54b31cb6c86"},
    {file = "h11-0.16.0.tar.gz", hash = "sha256:4e35b956cf45792e4caa5885e69fba00bdbc6ffafbfa020300e549b208ee5ff1"},
]

[[package]]
name = "redis"
version = "7.3.0"
description = "Python client for Redis database and key-value store"
optional = false
python-versions = ">=3.10"
groups = ["main"]
files = [
    {file = "redis-7.3.0-py3-none-any.whl", hash = "sha256:9d4fcb002a12a5e3c3fbe005d59c48a2cc231f87fbb2f6b70c2d89bb64fec364"},
    {file = "redis-7.3.0.tar.gz", hash = "sha256:4d1b768aafcf41b01022410b3cc4f15a07d9b3d6fe0c66fc967da2c88e551034"},
]

[package.extras]
circuit-breaker = ["pybreaker (>=1.4.0)"]
hiredis = ["hiredis (>=3.2.0)"]
jwt = ["pyjwt (>=2.9.0)"]
ocsp = ["cryptography (>=36.0.1)", "pyopenssl (>=20.0.1)", "requests (>=2.31.0)"]
otel = ["opentelemetry-api (>=1.39.1)", "opentelemetry-exporter-otlp-proto-http (>=1.39.1)", "opentelemetry-sdk (>=1.39.1)"]
xxhash = ["xxhash (>=3.6.0,<3.7.0)"]

[[package]]
name = "uvicorn"
version = "0.41.0"
description = "The lightning-fast ASGI server."
optional = false
python-versions = ">=3.10"
groups = ["main"]
files = [
    {file = "uvicorn-0.41.0-py3-none-any.whl", hash = "sha256:29e35b1d2c36a04b9e180d4007ede3bcb32a85fbdfd6c6aeb3f26839de088187"},
    {file = "uvicorn-0.41.0.tar.gz", hash = "sha256:09d11cf7008da33113824ee5a1c6422d89fbc2ff476540d69a34c87fab8b571a"},
]

[package.dependencies]
click = ">=7.0"
h11 = ">=0.8"

[package.extras]
standard = ["colorama (>=0.4) ; sys_platform == \"win32\"", "httptools (>=0.6.3)", "python-dotenv (>=0.13)", "pyyaml (>=5.1)", "uvloop (>=0.15.1) ; sys_platform != \"win32\" and sys_platform != \"cygwin\" and platform_python_implementation != \"PyPy\"", "watchfiles (>=0.20)", "websockets (>=10.4)"]

[metadata]
lock-version = "2.1"
python-versions = ">=3.12"
content-hash = "226ab28b4929e6caeec9dd47a723729efdeeda6fb6b4e01fa51f6c6ead080c49"
