# This file is automatically @generated by Poetry 2.3.2 and should not be changed by hand.

[[package]]
name = "awscrt"
version = "0.31.3"
description = "A common runtime for AWS Python projects"
optional = false
python-versions = ">=3.8"
groups = ["main"]
files = [
    {file = "awscrt-0.31.3-cp310-cp310-macosx_10_15_universal2.whl", hash = "sha256:915f4f1b053e61cb053726be42e3a4c90c2136de266d94e7fe52f567fdb8eed4"},
    {file = "awscrt-0.31.3-cp310-cp310-manylinux2014_aarch64.manylinux_2_17_aarch64.whl", hash = "sha256:3dee2eacc7a5750d4deef9a90e55eec7ff464332684ef8411989c442cb3c9f05"},
    {file = "awscrt-0.31.3-cp310-cp310-manylinux2014_x86_64.manylinux_2_17_x86_64.whl", hash = "sha256:ac7526b900179e5b7ad21910066e4ef08029fd2e6556a06ce62da90ca477be21"},
    {file = "awscrt-0.31.3-cp310-cp310-musllinux_1_1_aarch64.whl", hash = "sha256:1158f819a2319578679a3f2dc87a719be3ce53f8f69eb4b9c7e581eecef415b1"},
    {file = "awscrt-0.31.3-cp310-cp310-musllinux_1_1_x86_64.whl", hash = "sha256:1db1b97edd66a1cc83afaff72eda6e8f7a9e2d326bfb506c7e9270ede184bcd0"},
    {file = "awscrt-0.31.3-cp310-cp310-win32.whl", hash = "sha256:f74f8605ebbb5b037c74411b92e9d8b57f209772227f04fd555cb152011f8f31"},
    {file = "awscrt-0.31.3-cp310-cp310-win_amd64.whl", hash = "sha256:bc75688fc52f0f185c67f52f55991aa4bf3e00e48ab98e61e3abca0c11a43fa6"},
    {file = "awscrt-0.31.3-cp311-abi3-macosx_10_15_universal2.whl", hash = "sha256:e6d5e8194b59056399c8ab4950c9828b292a9388f67994e4332bca1351d4f7bf"},
    {file = "awscrt-0.31.3-cp311-abi3-manylinux2014_aarch64.manylinux_2_17_aarch64.whl", hash = "sha256:f1ca6752bf3e4069fd425a8914da7b892f38c9104afe67616bcb6799aa5fe997"},
    {file = "awscrt-0.31.3-cp311-abi3-manylinux2014_x86_64.manylinux_2_17_x86_64.whl", hash = "sha256:5715a2be6459a2b170d6a615ab2ec652e1ab328b5aacc0d82d96f2aab314effb"},
    {file = "awscrt-0.31.3-cp311-abi3-musllinux_1_1_aarch64.whl", hash = "sha256:6ebf398ba89b1dd221366468d28278f8c9b591842824e3550f74a9b4ef66ff38"},
    {file = "awscrt-0.31.3-cp311-abi3-musllinux_1_1_x86_64.whl", hash = "sha256:068ffaed4d9bec233dc95cda461e0360b16a6d0728060f42be9738c4cfef4ca5"},
    {file = "awscrt-0.31.3-cp311-abi3-win32.whl", hash = "sha256:7b3a5a27a81e73f77daff82a6318821af14656e4e58c4eded60ef39fabdba578"},
    {file = "awscrt-0.31.3-cp311-abi3-win_amd64.whl", hash = "sha256:68154ba9b6017efcdd1f4f536547e9c172010168a84b5711b40f7a6d6ed1f673"},
    {file = "awscrt-0.31.3-cp313-abi3-macosx_10_15_universal2.whl", hash = "sha256:d44f2d7369066598514129e31436f6c2f29b22e2053e74a4610c3ba2ca9b116d"},
    {file = "awscrt-0.31.3-cp313-abi3-manylinux2014_aarch64.manylinux_2_17_aarch64.whl", hash = "sha256:28162778ca16c9f724a6bd5d630158addbda12fa1f68ddc9738e43a9c11953f2"},
    {file = "awscrt-0.31.3-cp313-abi3-manylinux2014_x86_64.manylinux_2_17_x86_64.whl", hash = "sha256:ba2ae15b9e5f57e5bf015be20f319549a2c29a759e3e215e26605fddec8c39a2"},
    {file = "awscrt-0.31.3-cp313-abi3-musllinux_1_1_aarch64.whl", hash = "sha256:54542fa12d23dfa7cda6926a263312c0ed09dd3b40d6810120682896a92be41a"},
    {file = "awscrt-0.31.3-cp313-abi3-musllinux_1_1_x86_64.whl", hash = "sha256:0338610ad0947fad13ccefcce3381bc5277911907f2f3d39d0a5a2700de498e7"},
    {file = "awscrt-0.31.3-cp313-abi3-win32.whl", hash = "sha256:2ac703f6625b7e92bae55a85b36b14bf880900e7a12da795381a361450679d6d"},
    {file = "awscrt-0.31.3-cp313-abi3-win_amd64.whl", hash = "sha256:25e42d5058363a9a5f3906de30b5f225d774d82731b3d1c74c653708a106347d"},
    {file = "awscrt-0.31.3-cp38-cp38-macosx_10_15_x86_64.whl", hash = "sha256:5f4cf265f15e0352c1985019225825444a95610c4fcaea40f0f108c9f939c8b6"},
    {file = "awscrt-0.31.3-cp38-cp38-manylinux2014_aarch64.manylinux_2_17_aarch64.whl", hash = "sha256:7a51d630fa1375247814199fd1d400058185dcd9ffca7809f6b809aaf412796e"},
    {file = "awscrt-0.31.3-cp38-cp38-manylinux2014_x86_64.manylinux_2_17_x86_64.whl", hash = "sha256:1ae9308c9c307291187cdb509144a35278923d2322ceed04059876114fada815"},
    {file = "awscrt-0.31.3-cp38-cp38-manylinux_2_5_i686.manylinux1_i686.whl", hash = "sha256:7f7220afb3778cef5f4211f18747f803370933924249ddac5ba8f70930ea45f0"},
    {file = "awscrt-0.31.3-cp38-cp38-manylinux_2_5_x86_64.manylinux1_x86_64.whl", hash = "sha256:fb541a7987302c8b6ff32b4837f1d5735d5043871dcc3b39ffe6f643a876a437"},
    {file = "awscrt-0.31.3-cp38-cp38-musllinux_1_1_aarch64.whl", hash = "sha256:f9751d0262e27a573a7a204c3b7b1c8c2ef477882f12b95d3b47fa5252d9eb9a"},
    {file = "awscrt-0.31.3-cp38-cp38-musllinux_1_1_x86_64.whl", hash = "sha256:c2200f492db02c1bc7239c22458722606a017506edc465daf98cc8a67b9e36cb"},
    {file = "awscrt-0.31.3-cp38-cp38-win32.whl", hash = "sha256:7fcc8f8df6d902d6f9ada4c372ae291f21a6771b4f36ffa39266339ddcc8a531"},
    {file = "awscrt-0.31.3-cp38-cp38-win_amd64.whl", hash = "sha256:2fbc078b574f54a3f5a471c9d3e04ad1ca3f1ae9c4d74353fd6ba256af234bb3"},
    {file = "awscrt-0.31.3-cp39-cp39-macosx_10_15_universal2.whl", hash = "sha256:c819f864c8c0cad8c5594bcc94af351c550e237d97b93e99202adcb95c3243c2"},
    {file = "awscrt-0.31.3-cp39-cp39-manylinux2014_aarch64.manylinux_2_17_aarch64.whl", hash = "sha256:5e400f16fdc6a160157c25ba165e359ea0148d319e99ec724e2f0957d214cc6a"},
    {file = "awscrt-0.31.3-cp39-cp39-manylinux2014_x86_64.manylinux_2_17_x86_64.whl", hash = "sha256:768922c719039635abd58d53b19e83e34a706ccbf74eb0b9ccba652dba23d645"},
    {file = "awscrt-0.31.3-cp39-cp39-manylinux_2_5_i686.manylinux1_i686.whl", hash = "sha256:27a901a6c9077bd3f63ef413267b29a4f437df36228027524aa3995a8288cb11"},
    {file = "awscrt-0.31.3-cp39-cp39-manylinux_2_5_x86_64.manylinux1_x86_64.whl", hash = "sha256:0546590d0a170bc278e48dda3c02ffff84dfc462016dbf94b693432877b612af"},
    {file = "awscrt-0.31.3-cp39-cp39-musllinux_1_1_aarch64.whl", hash = "sha256:227a04d9ffd899e7c4eb6e11b754abcf505539d0ed192eaf8a10ded1c0642bc8"},
    {file = "awscrt-0.31.3-cp39-cp39-musllinux_1_1_x86_64.whl", hash = "sha256:8f2c9ce12de40e27e1c57e254f3160280a264b1b6ec70bfee529816d8e26d3a4"},
    {file = "awscrt-0.31.3-cp39-cp39-win32.whl", hash = "sha256:5028e72a9f55b1e297ea43a417480ee8e42ed7bef3fd614278240ab12cbf82a7"},
    {file = "awscrt-0.31.3-cp39-cp39-win_amd64.whl", hash = "sha256:0bcee8b172fb356aa0886bd4f2791a67b57724f9297b41bda15705419fe817cd"},
    {file = "awscrt-0.31.3.tar.gz", hash = "sha256:16cc0380eef073a2e37eff01a98f3f2108ead6dbb4a919d40f656db0d8ad4b71"},
]

[package.extras]
dev = ["autopep8 (>=2.3.1)", "build (>=1.2.2)", "h2 (==4.1.0)", "sphinx (>=7.2.6,<7.3) ; python_version >= \"3.9\"", "websockets (>=13.1)"]

[[package]]
name = "awsiotsdk"
version = "1.28.2"
description = "AWS IoT SDK based on the AWS Common Runtime"
optional = false
python-versions = ">=3.8"
groups = ["main"]
files = [
    {file = "awsiotsdk-1.28.2-py3-none-any.whl", hash = "sha256:2b24a357323e3c7bfa3ab163bd18de2d27f700aeff926729e9badc2cbdb8c7d3"},
    {file = "awsiotsdk-1.28.2.tar.gz", hash = "sha256:150cbc37be9c02d547b8b1dda57016120ac3d2bed45dcebc3f46cd4fcbaa553e"},
]

[package.dependencies]
awscrt = "0.31.3"

[[package]]
name = "humanize"
version = "4.15.0"
description = "Python humanize utilities"
optional = false
python-versions = ">=3.10"
groups = ["main"]
files = [
    {file = "humanize-4.15.0-py3-none-any.whl", hash = "sha256:b1186eb9f5a9749cd9cb8565aee77919dd7c8d076161cf44d70e59e3301e1769"},
    {file = "humanize-4.15.0.tar.gz", hash = "sha256:1dd098483eb1c7ee8e32eb2e99ad1910baefa4b75c3aff3a82f4d78688993b10"},
]

[package.extras]
tests = ["freezegun", "pytest", "pytest-cov"]

[[package]]
name = "numpy"
version = "2.4.4"
description = "Fundamental package for array computing in Python"
optional = false
python-versions = ">=3.11"
groups = ["main"]
files = [
    {file = "numpy-2.4.4-cp311-cp311-macosx_10_9_x86_64.whl", hash = "sha256:f983334aea213c99992053ede6168500e5f086ce74fbc4acc3f2b00f5762e9db"},
    {file = "numpy-2.4.4-cp311-cp311-macosx_11_0_arm64.whl", hash = "sha256:72944b19f2324114e9dc86a159787333b77874143efcf89a5167ef83cfee8af0"},
    {file = "numpy-2.4.4-cp311-cp311-macosx_14_0_arm64.whl", hash = "sha256:86b6f55f5a352b48d7fbfd2dbc3d5b780b2d79f4d3c121f33eb6efb22e9a2015"},
    {file = "numpy-2.4.4-cp311-cp311-macosx_14_0_x86_64.whl", hash = "sha256:ba1f4fc670ed79f876f70082eff4f9583c15fb9a4b89d6188412de4d18ae2f40"},
    {file = "numpy-2.4.4-cp311-cp311-manylinux_2_27_aarch64.manylinux_2_28_aarch64.whl", hash = "sha256:8a87ec22c87be071b6bdbd27920b129b94f2fc964358ce38f3822635a3e2e03d"},
    {file = "numpy-2.4.4-cp311-cp311-manylinux_2_27_x86_64.manylinux_2_28_x86_64.whl", hash = "sha256:df3775294accfdd75f32c74ae39fcba920c9a378a2fc18a12b6820aa8c1fb502"},
    {file = "numpy-2.4.4-cp311-cp311-musllinux_1_2_aarch64.whl", hash = "sha256:0d4e437e295f18ec29bc79daf55e8a47a9113df44d66f702f02a293d93a2d6dd"},
    {file = "numpy-2.4.4-cp311-cp311-musllinux_1_2_x86_64.whl", hash = "sha256:6aa3236c78803afbcb255045fbef97a9e25a1f6c9888357d205ddc42f4d6eba5"},
    {file = "numpy-2.4.4-cp311-cp311-win32.whl", hash = "sha256:30caa73029a225b2d40d9fae193e008e24b2026b7ee1a867b7ee8d96ca1a448e"},
    {file = "numpy-2.4.4-cp311-cp311-win_amd64.whl", hash = "sha256:6bbe4eb67390b0a0265a2c25458f6b90a409d5d069f1041e6aff1e27e3d9a79e"},
    {file = "numpy-2.4.4-cp311-cp311-win_arm64.whl", hash = "sha256:fcfe2045fd2e8f3cb0ce9d4ba6dba6333b8fa05bb8a4939c908cd43322d14c7e"},
    {file = "numpy-2.4.4-cp312-cp312-macosx_10_13_x86_64.whl", hash = "sha256:15716cfef24d3a9762e3acdf87e27f58dc823d1348f765bbea6bef8c639bfa1b"},
    {file = "numpy-2.4.4-cp312-cp312-macosx_11_0_arm64.whl", hash = "sha256:23cbfd4c17357c81021f21540da84ee282b9c8fba38a03b7b9d09ba6b951421e"},
    {file = "numpy-2.4.4-cp312-cp312-macosx_14_0_arm64.whl", hash = "sha256:8b3b60bb7cba2c8c81837661c488637eee696f59a877788a396d33150c35d842"},
    {file = "numpy-2.4.4-cp312-cp312-macosx_14_0_x86_64.whl", hash = "sha256:e4a010c27ff6f210ff4c6ef34394cd61470d01014439b192ec22552ee867f2a8"},
    {file = "numpy-2.4.4-cp312-cp312-manylinux_2_27_aarch64.manylinux_2_28_aarch64.whl", hash = "sha256:f9e75681b59ddaa5e659898085ae0eaea229d054f2ac0c7e563a62205a700121"},
    {file = "numpy-2.4.4-cp312-cp312-manylinux_2_27_x86_64.manylinux_2_28_x86_64.whl", hash = "sha256:81f4a14bee47aec54f883e0cad2d73986640c1590eb9bfaaba7ad17394481e6e"},
    {file = "numpy-2.4.4-cp312-cp312-musllinux_1_2_aarch64.whl", hash = "sha256:62d6b0f03b694173f9fcb1fb317f7222fd0b0b103e784c6549f5e53a27718c44"},
    {file = "numpy-2.4.4-cp312-cp312-musllinux_1_2_x86_64.whl", hash = "sha256:fbc356aae7adf9e6336d336b9c8111d390a05df88f1805573ebb0807bd06fd1d"},
    {file = "numpy-2.4.4-cp312-cp312-win32.whl", hash = "sha256:0d35aea54ad1d420c812bfa0385c71cd7cc5bcf7c65fed95fc2cd02fe8c79827"},
    {file = "numpy-2.4.4-cp312-cp312-win_amd64.whl", hash = "sha256:b5f0362dc928a6ecd9db58868fca5e48485205e3855957bdedea308f8672ea4a"},
    {file = "numpy-2.4.4-cp312-cp312-win_arm64.whl", hash = "sha256:846300f379b5b12cc769334464656bc882e0735d27d9726568bc932fdc49d5ec"},
    {file = "numpy-2.4.4-cp313-cp313-macosx_10_13_x86_64.whl", hash = "sha256:08f2e31ed5e6f04b118e49821397f12767934cfdd12a1ce86a058f91e004ee50"},
    {file = "numpy-2.4.4-cp313-cp313-macosx_11_0_arm64.whl", hash = "sha256:e823b8b6edc81e747526f70f71a9c0a07ac4e7ad13020aa736bb7c9d67196115"},
    {file = "numpy-2.4.4-cp313-cp313-macosx_14_0_arm64.whl", hash = "sha256:4a19d9dba1a76618dd86b164d608566f393f8ec6ac7c44f0cc879011c45e65af"},
    {file = "numpy-2.4.4-cp313-cp313-macosx_14_0_x86_64.whl", hash = "sha256:d2a8490669bfe99a233298348acc2d824d496dee0e66e31b66a6022c2ad74a5c"},
    {file = "numpy-2.4.4-cp313-cp313-manylinux_2_27_aarch64.manylinux_2_28_aarch64.whl", hash = "sha256:45dbed2ab436a9e826e302fcdcbe9133f9b0006e5af7168afb8963a6520da103"},
    {file = "numpy-2.4.4-cp313-cp313-manylinux_2_27_x86_64.manylinux_2_28_x86_64.whl", hash = "sha256:c901b15172510173f5cb310eae652908340f8dede90fff9e3bf6c0d8dfd92f83"},
    {file = "numpy-2.4.4-cp313-cp313-musllinux_1_2_aarch64.whl", hash = "sha256:99d838547ace2c4aace6c4f76e879ddfe02bb58a80c1549928477862b7a6d6ed"},
    {file = "numpy-2.4.4-cp313-cp313-musllinux_1_2_x86_64.whl", hash = "sha256:0aec54fd785890ecca25a6003fd9a5aed47ad607bbac5cd64f836ad8666f4959"},
    {file = "numpy-2.4.4-cp313-cp313-win32.whl", hash = "sha256:07077278157d02f65c43b1b26a3886bce886f95d20aabd11f87932750dfb14ed"},
    {file = "numpy-2.4.4-cp313-cp313-win_amd64.whl", hash = "sha256:5c70f1cc1c4efbe316a572e2d8b9b9cc44e89b95f79ca3331553fbb63716e2bf"},
    {file = "numpy-2.4.4-cp313-cp313-win_arm64.whl", hash = "sha256:ef4059d6e5152fa1a39f888e344c73fdc926e1b2dd58c771d67b0acfbf2aa67d"},
    {file = "numpy-2.4.4-cp313-cp313t-macosx_11_0_arm64.whl", hash = "sha256:4bbc7f303d125971f60ec0aaad5e12c62d0d2c925f0ab1273debd0e4ba37aba5"},
    {file = "numpy-2.4.4-cp313-cp313t-macosx_14_0_arm64.whl", hash = "sha256:4d6d57903571f86180eb98f8f0c839fa9ebbfb031356d87f1361be91e433f5b7"},
    {file = "numpy-2.4.4-cp313-cp313t-macosx_14_0_x86_64.whl", hash = "sha256:4636de7fd195197b7535f231b5de9e4b36d2c440b6e566d2e4e4746e6af0ca93"},
    {file = "numpy-2.4.4-cp313-cp313t-manylinux_2_27_aarch64.manylinux_2_28_aarch64.whl", hash = "sha256:ad2e2ef14e0b04e544ea2fa0a36463f847f113d314aa02e5b402fdf910ef309e"},
    {file = "numpy-2.4.4-cp313-cp313t-manylinux_2_27_x86_64.manylinux_2_28_x86_64.whl", hash = "sha256:5a285b3b96f951841799528cd1f4f01cd70e7e0204b4abebac9463eecfcf2a40"},
    {file = "numpy-2.4.4-cp313-cp313t-musllinux_1_2_aarch64.whl", hash = "sha256:f8474c4241bc18b750be2abea9d7a9ec84f46ef861dbacf86a4f6e043401f79e"},
    {file = "numpy-2.4.4-cp313-cp313t-musllinux_1_2_x86_64.whl", hash = "sha256:4e874c976154687c1f71715b034739b45c7711bec81db01914770373d125e392"},
    {file = "numpy-2.4.4-cp313-cp313t-win32.whl", hash = "sha256:9c585a1790d5436a5374bac930dad6ed244c046ed91b2b2a3634eb2971d21008"},
    {file = "numpy-2.4.4-cp313-cp313t-win_amd64.whl", hash = "sha256:93e15038125dc1e5345d9b5b68aa7f996ec33b98118d18c6ca0d0b7d6198b7e8"},
    {file = "numpy-2.4.4-cp313-cp313t-win_arm64.whl", hash = "sha256:0dfd3f9d3adbe2920b68b5cd3d51444e13a10792ec7154cd0a2f6e74d4ab3233"},
    {file = "numpy-2.4.4-cp314-cp314-macosx_10_15_x86_64.whl", hash = "sha256:f169b9a863d34f5d11b8698ead99febeaa17a13ca044961aa8e2662a6c7766a0"},
    {file = "numpy-2.4.4-cp314-cp314-macosx_11_0_arm64.whl", hash = "sha256:2483e4584a1cb3092da4470b38866634bafb223cbcd551ee047633fd2584599a"},
    {file = "numpy-2.4.4-cp314-cp314-macosx_14_0_arm64.whl", hash = "sha256:2d19e6e2095506d1736b7d80595e0f252d76b89f5e715c35e06e937679ea7d7a"},
    {file = "numpy-2.4.4-cp314-cp314-macosx_14_0_x86_64.whl", hash = "sha256:6a246d5914aa1c820c9443ddcee9c02bec3e203b0c080349533fae17727dfd1b"},
    {file = "numpy-2.4.4-cp314-cp314-manylinux_2_27_aarch64.manylinux_2_28_aarch64.whl", hash = "sha256:989824e9faf85f96ec9c7761cd8d29c531ad857bfa1daa930cba85baaecf1a9a"},
    {file = "numpy-2.4.4-cp314-cp314-manylinux_2_27_x86_64.manylinux_2_28_x86_64.whl", hash = "sha256:27a8d92cd10f1382a67d7cf4db7ce18341b66438bdd9f691d7b0e48d104c2a9d"},
    {file = "numpy-2.4.4-cp314-cp314-musllinux_1_2_aarch64.whl", hash = "sha256:e44319a2953c738205bf3354537979eaa3998ed673395b964c1176083dd46252"},
    {file = "numpy-2.4.4-cp314-cp314-musllinux_1_2_x86_64.whl", hash = "sha256:e892aff75639bbef0d2a2cfd55535510df26ff92f63c92cd84ef8d4ba5a5557f"},
    {file = "numpy-2.4.4-cp314-cp314-win32.whl", hash = "sha256:1378871da56ca8943c2ba674530924bb8ca40cd228358a3b5f302ad60cf875fc"},
    {file = "numpy-2.4.4-cp314-cp314-win_amd64.whl", hash = "sha256:715d1c092715954784bc79e1174fc2a90093dc4dc84ea15eb14dad8abdcdeb74"},
    {file = "numpy-2.4.4-cp314-cp314-win_arm64.whl", hash = "sha256:2c194dd721e54ecad9ad387c1d35e63dce5c4450c6dc7dd5611283dda239aabb"},
    {file = "numpy-2.4.4-cp314-cp314t-macosx_11_0_arm64.whl", hash = "sha256:2aa0613a5177c264ff5921051a5719d20095ea586ca88cc802c5c218d1c67d3e"},
    {file = "numpy-2.4.4-cp314-cp314t-macosx_14_0_arm64.whl", hash = "sha256:42c16925aa5a02362f986765f9ebabf20de75cdefdca827d14315c568dcab113"},
    {file = "numpy-2.4.4-cp314-cp314t-macosx_14_0_x86_64.whl", hash = "sha256:874f200b2a981c647340f841730fc3a2b54c9d940566a3c4149099591e2c4c3d"},
    {file = "numpy-2.4.4-cp314-cp314t-manylinux_2_27_aarch64.manylinux_2_28_aarch64.whl", hash = "sha256:c9b39d38a9bd2ae1becd7eac1303d031c5c110ad31f2b319c6e7d98b135c934d"},
    {file = "numpy-2.4.4-cp314-cp314t-manylinux_2_27_x86_64.manylinux_2_28_x86_64.whl", hash = "sha256:b268594bccac7d7cf5844c7732e3f20c50921d94e36d7ec9b79e9857694b1b2f"},
    {file = "numpy-2.4.4-cp314-cp314t-musllinux_1_2_aarch64.whl", hash = "sha256:ac6b31e35612a26483e20750126d30d0941f949426974cace8e6b5c58a3657b0"},
    {file = "numpy-2.4.4-cp314-cp314t-musllinux_1_2_x86_64.whl", hash = "sha256:8e3ed142f2728df44263aaf5fb1f5b0b99f4070c553a0d7f033be65338329150"},
    {file = "numpy-2.4.4-cp314-cp314t-win32.whl", hash = "sha256:dddbbd259598d7240b18c9d87c56a9d2fb3b02fe266f49a7c101532e78c1d871"},
    {file = "numpy-2.4.4-cp314-cp314t-win_amd64.whl", hash = "sha256:a7164afb23be6e37ad90b2f10426149fd75aee07ca55653d2aa41e66c4ef697e"},
    {file = "numpy-2.4.4-cp314-cp314t-win_arm64.whl", hash = "sha256:ba203255017337d39f89bdd58417f03c4426f12beed0440cfd933cb15f8669c7"},
    {file = "numpy-2.4.4-pp311-pypy311_pp73-macosx_10_15_x86_64.whl", hash = "sha256:58c8b5929fcb8287cbd6f0a3fae19c6e03a5c48402ae792962ac465224a629a4"},
    {file = "numpy-2.4.4-pp311-pypy311_pp73-macosx_11_0_arm64.whl", hash = "sha256:eea7ac5d2dce4189771cedb559c738a71512768210dc4e4753b107a2048b3d0e"},
    {file = "numpy-2.4.4-pp311-pypy311_pp73-macosx_14_0_arm64.whl", hash = "sha256:51fc224f7ca4d92656d5a5eb315f12eb5fe2c97a66249aa7b5f562528a3be38c"},
    {file = "numpy-2.4.4-pp311-pypy311_pp73-macosx_14_0_x86_64.whl", hash = "sha256:28a650663f7314afc3e6ec620f44f333c386aad9f6fc472030865dc0ebb26ee3"},
    {file = "numpy-2.4.4-pp311-pypy311_pp73-manylinux_2_27_aarch64.manylinux_2_28_aarch64.whl", hash = "sha256:19710a9ca9992d7174e9c52f643d4272dcd1558c5f7af7f6f8190f633bd651a7"},
    {file = "numpy-2.4.4-pp311-pypy311_pp73-manylinux_2_27_x86_64.manylinux_2_28_x86_64.whl", hash = "sha256:9b2aec6af35c113b05695ebb5749a787acd63cafc83086a05771d1e1cd1e555f"},
    {file = "numpy-2.4.4-pp311-pypy311_pp73-win_amd64.whl", hash = "sha256:f2cf083b324a467e1ab358c105f6cad5ea950f50524668a80c486ff1db24e119"},
    {file = "numpy-2.4.4.tar.gz", hash = "sha256:2d390634c5182175533585cc89f3608a4682ccb173cc9bb940b2881c8d6f8fa0"},
]

[[package]]
name = "redis"
version = "7.3.0"
description = "Python client for Redis database and key-value store"
optional = false
python-versions = ">=3.10"
groups = ["main"]
files = [
    {file = "redis-7.3.0-py3-none-any.whl", hash = "sha256:9d4fcb002a12a5e3c3fbe005d59c48a2cc231f87fbb2f6b70c2d89bb64fec364"},
    {file = "redis-7.3.0.tar.gz", hash = "sha256:4d1b768aafcf41b01022410b3cc4f15a07d9b3d6fe0c66fc967da2c88e551034"},
]

[package.extras]
circuit-breaker = ["pybreaker (>=1.4.0)"]
hiredis = ["hiredis (>=3.2.0)"]
jwt = ["pyjwt (>=2.9.0)"]
ocsp = ["cryptography (>=36.0.1)", "pyopenssl (>=20.0.1)", "requests (>=2.31.0)"]
otel = ["opentelemetry-api (>=1.39.1)", "opentelemetry-exporter-otlp-proto-http (>=1.39.1)", "opentelemetry-sdk (>=1.39.1)"]
xxhash = ["xxhash (>=3.6.0,<3.7.0)"]

[metadata]
lock-version = "2.1"
python-versions = ">=3.12"
content-hash = "32af8bd9ad6ab481d3df15443ac61a4cb3328109e79e4936617aa20566177b09"
